
Microsoft Visual Studio Solution File, Format Version 12.00
# Visual Studio 15
VisualStudioVersion = 15.0.26430.15
MinimumVisualStudioVersion = 10.0.40219.1
Project("{FAE04EC0-301F-11D3-BF4B-00C04F79EFBC}") = "XamarinNinjectExample.Android", "XamarinNinjectExample\XamarinNinjectExample.Android\XamarinNinjectExample.Android.csproj", "{15A59533-D95E-4A7E-B088-BC05CF5F0D3C}"
EndProject
Project("{FAE04EC0-301F-11D3-BF4B-00C04F79EFBC}") = "XamarinNinjectExample", "XamarinNinjectExample\XamarinNinjectExample\XamarinNinjectExample.csproj", "{815ABC58-586E-4B93-89A2-9028FC5967C0}"
EndProject
Project("{FAE04EC0-301F-11D3-BF4B-00C04F79EFBC}") = "XamarinNinjectExample.iOS", "XamarinNinjectExample\XamarinNinjectExample.iOS\XamarinNinjectExample.iOS.csproj", "{1A735CE1-308C-441A-BA40-6642B274879A}"
EndProject
Global
	GlobalSection(SolutionConfigurationPlatforms) = preSolution
		Ad-Hoc|Any CPU = Ad-Hoc|Any CPU
		Ad-Hoc|iPhone = Ad-Hoc|iPhone
		Ad-Hoc|iPhoneSimulator = Ad-Hoc|iPhoneSimulator
		AppStore|Any CPU = AppStore|Any CPU
		AppStore|iPhone = AppStore|iPhone
		AppStore|iPhoneSimulator = AppStore|iPhoneSimulator
		Debug|Any CPU = Debug|Any CPU
		Debug|iPhone = Debug|iPhone
		Debug|iPhoneSimulator = Debug|iPhoneSimulator
		Release|Any CPU = Release|Any CPU
		Release|iPhone = Release|iPhone
		Release|iPhoneSimulator = Release|iPhoneSimulator
	EndGlobalSection
	GlobalSection(ProjectConfigurationPlatforms) = postSolution
		{15A59533-D95E-4A7E-B088-BC05CF5F0D3C}.Ad-Hoc|Any CPU.ActiveCfg = Release|Any CPU
		{15A59533-D95E-4A7E-B088-BC05CF5F0D3C}.Ad-Hoc|Any CPU.Build.0 = Release|Any CPU
		{15A59533-D95E-4A7E-B088-BC05CF5F0D3C}.Ad-Hoc|Any CPU.Deploy.0 = Release|Any CPU
		{15A59533-D95E-4A7E-B088-BC05CF5F0D3C}.Ad-Hoc|iPhone.ActiveCfg = Release|Any CPU
		{15A59533-D95E-4A7E-B088-BC05CF5F0D3C}.Ad-Hoc|iPhone.Build.0 = Release|Any CPU
		{15A59533-D95E-4A7E-B088-BC05CF5F0D3C}.Ad-Hoc|iPhone.Deploy.0 = Release|Any CPU
		{15A59533-D95E-4A7E-B088-BC05CF5F0D3C}.Ad-Hoc|iPhoneSimulator.ActiveCfg = Release|Any CPU
		{15A59533-D95E-4A7E-B088-BC05CF5F0D3C}.Ad-Hoc|iPhoneSimulator.Build.0 = Release|Any CPU
		{15A59533-D95E-4A7E-B088-BC05CF5F0D3C}.Ad-Hoc|iPhoneSimulator.Deploy.0 = Release|Any CPU
		{15A59533-D95E-4A7E-B088-BC05CF5F0D3C}.AppStore|Any CPU.ActiveCfg = Release|Any CPU
		{15A59533-D95E-4A7E-B088-BC05CF5F0D3C}.AppStore|Any CPU.Build.0 = Release|Any CPU
		{15A59533-D95E-4A7E-B088-BC05CF5F0D3C}.AppStore|Any CPU.Deploy.0 = Release|Any CPU
		{15A59533-D95E-4A7E-B088-BC05CF5F0D3C}.AppStore|iPhone.ActiveCfg = Release|Any CPU
		{15A59533-D95E-4A7E-B088-BC05CF5F0D3C}.AppStore|iPhone.Build.0 = Release|Any CPU
		{15A59533-D95E-4A7E-B088-BC05CF5F0D3C}.AppStore|iPhone.Deploy.0 = Release|Any CPU
		{15A59533-D95E-4A7E-B088-BC05CF5F0D3C}.AppStore|iPhoneSimulator.ActiveCfg = Release|Any CPU
		{15A59533-D95E-4A7E-B088-BC05CF5F0D3C}.AppStore|iPhoneSimulator.Build.0 = Release|Any CPU
		{15A59533-D95E-4A7E-B088-BC05CF5F0D3C}.AppStore|iPhoneSimulator.Deploy.0 = Release|Any CPU
		{15A59533-D95E-4A7E-B088-BC05CF5F0D3C}.Debug|Any CPU.ActiveCfg = Debug|Any CPU
		{15A59533-D95E-4A7E-B088-BC05CF5F0D3C}.Debug|Any CPU.Build.0 = Debug|Any CPU
		{15A59533-D95E-4A7E-B088-BC05CF5F0D3C}.Debug|Any CPU.Deploy.0 = Debug|Any CPU
		{15A59533-D95E-4A7E-B088-BC05CF5F0D3C}.Debug|iPhone.ActiveCfg = Debug|Any CPU
		{15A59533-D95E-4A7E-B088-BC05CF5F0D3C}.Debug|iPhone.Build.0 = Debug|Any CPU
		{15A59533-D95E-4A7E-B088-BC05CF5F0D3C}.Debug|iPhone.Deploy.0 = Debug|Any CPU
		{15A59533-D95E-4A7E-B088-BC05CF5F0D3C}.Debug|iPhoneSimulator.ActiveCfg = Debug|Any CPU
		{15A59533-D95E-4A7E-B088-BC05CF5F0D3C}.Debug|iPhoneSimulator.Build.0 = Debug|Any CPU
		{15A59533-D95E-4A7E-B088-BC05CF5F0D3C}.Debug|iPhoneSimulator.Deploy.0 = Debug|Any CPU
		{15A59533-D95E-4A7E-B088-BC05CF5F0D3C}.Release|Any CPU.ActiveCfg = Release|Any CPU
		{15A59533-D95E-4A7E-B088-BC05CF5F0D3C}.Release|Any CPU.Build.0 = Release|Any CPU
		{15A59533-D95E-4A7E-B088-BC05CF5F0D3C}.Release|Any CPU.Deploy.0 = Release|Any CPU
		{15A59533-D95E-4A7E-B088-BC05CF5F0D3C}.Release|iPhone.ActiveCfg = Release|Any CPU
		{15A59533-D95E-4A7E-B088-BC05CF5F0D3C}.Release|iPhone.Build.0 = Release|Any CPU
		{15A59533-D95E-4A7E-B088-BC05CF5F0D3C}.Release|iPhone.Deploy.0 = Release|Any CPU
		{15A59533-D95E-4A7E-B088-BC05CF5F0D3C}.Release|iPhoneSimulator.ActiveCfg = Release|Any CPU
		{15A59533-D95E-4A7E-B088-BC05CF5F0D3C}.Release|iPhoneSimulator.Build.0 = Release|Any CPU
		{15A59533-D95E-4A7E-B088-BC05CF5F0D3C}.Release|iPhoneSimulator.Deploy.0 = Release|Any CPU
		{815ABC58-586E-4B93-89A2-9028FC5967C0}.Ad-Hoc|Any CPU.ActiveCfg = Release|Any CPU
		{815ABC58-586E-4B93-89A2-9028FC5967C0}.Ad-Hoc|Any CPU.Build.0 = Release|Any CPU
		{815ABC58-586E-4B93-89A2-9028FC5967C0}.Ad-Hoc|iPhone.ActiveCfg = Release|Any CPU
		{815ABC58-586E-4B93-89A2-9028FC5967C0}.Ad-Hoc|iPhone.Build.0 = Release|Any CPU
		{815ABC58-586E-4B93-89A2-9028FC5967C0}.Ad-Hoc|iPhoneSimulator.ActiveCfg = Release|Any CPU
		{815ABC58-586E-4B93-89A2-9028FC5967C0}.Ad-Hoc|iPhoneSimulator.Build.0 = Release|Any CPU
		{815ABC58-586E-4B93-89A2-9028FC5967C0}.AppStore|Any CPU.ActiveCfg = Release|Any CPU
		{815ABC58-586E-4B93-89A2-9028FC5967C0}.AppStore|Any CPU.Build.0 = Release|Any CPU
		{815ABC58-586E-4B93-89A2-9028FC5967C0}.AppStore|iPhone.ActiveCfg = Release|Any CPU
		{815ABC58-586E-4B93-89A2-9028FC5967C0}.AppStore|iPhone.Build.0 = Release|Any CPU
		{815ABC58-586E-4B93-89A2-9028FC5967C0}.AppStore|iPhoneSimulator.ActiveCfg = Release|Any CPU
		{815ABC58-586E-4B93-89A2-9028FC5967C0}.AppStore|iPhoneSimulator.Build.0 = Release|Any CPU
		{815ABC58-586E-4B93-89A2-9028FC5967C0}.Debug|Any CPU.ActiveCfg = Debug|Any CPU
		{815ABC58-586E-4B93-89A2-9028FC5967C0}.Debug|Any CPU.Build.0 = Debug|Any CPU
		{815ABC58-586E-4B93-89A2-9028FC5967C0}.Debug|iPhone.ActiveCfg = Debug|Any CPU
		{815ABC58-586E-4B93-89A2-9028FC5967C0}.Debug|iPhone.Build.0 = Debug|Any CPU
		{815ABC58-586E-4B93-89A2-9028FC5967C0}.Debug|iPhoneSimulator.ActiveCfg = Debug|Any CPU
		{815ABC58-586E-4B93-89A2-9028FC5967C0}.Debug|iPhoneSimulator.Build.0 = Debug|Any CPU
		{815ABC58-586E-4B93-89A2-9028FC5967C0}.Release|Any CPU.ActiveCfg = Release|Any CPU
		{815ABC58-586E-4B93-89A2-9028FC5967C0}.Release|Any CPU.Build.0 = Release|Any CPU
		{815ABC58-586E-4B93-89A2-9028FC5967C0}.Release|iPhone.ActiveCfg = Release|Any CPU
		{815ABC58-586E-4B93-89A2-9028FC5967C0}.Release|iPhone.Build.0 = Release|Any CPU
		{815ABC58-586E-4B93-89A2-9028FC5967C0}.Release|iPhoneSimulator.ActiveCfg = Release|Any CPU
		{815ABC58-586E-4B93-89A2-9028FC5967C0}.Release|iPhoneSimulator.Build.0 = Release|Any CPU
		{1A735CE1-308C-441A-BA40-6642B274879A}.Ad-Hoc|Any CPU.ActiveCfg = Ad-Hoc|iPhone
		{1A735CE1-308C-441A-BA40-6642B274879A}.Ad-Hoc|iPhone.ActiveCfg = Ad-Hoc|iPhone
		{1A735CE1-308C-441A-BA40-6642B274879A}.Ad-Hoc|iPhone.Build.0 = Ad-Hoc|iPhone
		{1A735CE1-308C-441A-BA40-6642B274879A}.Ad-Hoc|iPhoneSimulator.ActiveCfg = Ad-Hoc|iPhoneSimulator
		{1A735CE1-308C-441A-BA40-6642B274879A}.Ad-Hoc|iPhoneSimulator.Build.0 = Ad-Hoc|iPhoneSimulator
		{1A735CE1-308C-441A-BA40-6642B274879A}.AppStore|Any CPU.ActiveCfg = AppStore|iPhone
		{1A735CE1-308C-441A-BA40-6642B274879A}.AppStore|iPhone.ActiveCfg = AppStore|iPhone
		{1A735CE1-308C-441A-BA40-6642B274879A}.AppStore|iPhone.Build.0 = AppStore|iPhone
		{1A735CE1-308C-441A-BA40-6642B274879A}.AppStore|iPhoneSimulator.ActiveCfg = AppStore|iPhoneSimulator
		{1A735CE1-308C-441A-BA40-6642B274879A}.AppStore|iPhoneSimulator.Build.0 = AppStore|iPhoneSimulator
		{1A735CE1-308C-441A-BA40-6642B274879A}.Debug|Any CPU.ActiveCfg = Debug|iPhone
		{1A735CE1-308C-441A-BA40-6642B274879A}.Debug|iPhone.ActiveCfg = Debug|iPhone
		{1A735CE1-308C-441A-BA40-6642B274879A}.Debug|iPhone.Build.0 = Debug|iPhone
		{1A735CE1-308C-441A-BA40-6642B274879A}.Debug|iPhoneSimulator.ActiveCfg = Debug|iPhoneSimulator
		{1A735CE1-308C-441A-BA40-6642B274879A}.Debug|iPhoneSimulator.Build.0 = Debug|iPhoneSimulator
		{1A735CE1-308C-441A-BA40-6642B274879A}.Release|Any CPU.ActiveCfg = Release|iPhone
		{1A735CE1-308C-441A-BA40-6642B274879A}.Release|iPhone.ActiveCfg = Release|iPhone
		{1A735CE1-308C-441A-BA40-6642B274879A}.Release|iPhone.Build.0 = Release|iPhone
		{1A735CE1-308C-441A-BA40-6642B274879A}.Release|iPhoneSimulator.ActiveCfg = Release|iPhoneSimulator
		{1A735CE1-308C-441A-BA40-6642B274879A}.Release|iPhoneSimulator.Build.0 = Release|iPhoneSimulator
	EndGlobalSection
	GlobalSection(SolutionProperties) = preSolution
		HideSolutionNode = FALSE
	EndGlobalSection
EndGlobal
